
Microsoft Visual Studio Solution File, Format Version 12.00
# Visual Studio 15
VisualStudioVersion = 15.0.28010.2046
MinimumVisualStudioVersion = 10.0.40219.1
Project("{FAE04EC0-301F-11D3-BF4B-00C04F79EFBC}") = "DEV_5", "DEV_5\DEV_5.csproj", "{DDA4BFD6-3CA7-4491-8DE9-8B1FC541B14F}"
EndProject
Global
	GlobalSection(SolutionConfigurationPlatforms) = preSolution
		Debug|Any CPU = Debug|Any CPU
		Release|Any CPU = Release|Any CPU
	EndGlobalSection
	GlobalSection(ProjectConfigurationPlatforms) = postSolution
		{DDA4BFD6-3CA7-4491-8DE9-8B1FC541B14F}.Debug|Any CPU.ActiveCfg = Debug|Any CPU
		{DDA4BFD6-3CA7-4491-8DE9-8B1FC541B14F}.Debug|Any CPU.Build.0 = Debug|Any CPU
		{DDA4BFD6-3CA7-4491-8DE9-8B1FC541B14F}.Release|Any CPU.ActiveCfg = Release|Any CPU
		{DDA4BFD6-3CA7-4491-8DE9-8B1FC541B14F}.Release|Any CPU.Build.0 = Release|Any CPU
	EndGlobalSection
	GlobalSection(SolutionProperties) = preSolution
		HideSolutionNode = FALSE
	EndGlobalSection
	GlobalSection(ExtensibilityGlobals) = postSolution
		SolutionGuid = {DC785924-551F-4AFD-A41D-01AFE340FF0E}
	EndGlobalSection
EndGlobal
