
Microsoft Visual Studio Solution File, Format Version 12.00
# Visual Studio 15
VisualStudioVersion = 15.0.28010.2046
MinimumVisualStudioVersion = 10.0.40219.1
Project("{FAE04EC0-301F-11D3-BF4B-00C04F79EFBC}") = "DEV_7", "DEV_7\DEV_7.csproj", "{1765753A-7021-4A3E-9C57-53F5419A5BD8}"
EndProject
Project("{FAE04EC0-301F-11D3-BF4B-00C04F79EFBC}") = "TestNewSystem", "TestNewSystem\TestNewSystem.csproj", "{D4563DD9-718C-4C01-947E-B7A0E6B4EA4B}"
EndProject
Global
	GlobalSection(SolutionConfigurationPlatforms) = preSolution
		Debug|Any CPU = Debug|Any CPU
		Release|Any CPU = Release|Any CPU
	EndGlobalSection
	GlobalSection(ProjectConfigurationPlatforms) = postSolution
		{1765753A-7021-4A3E-9C57-53F5419A5BD8}.Debug|Any CPU.ActiveCfg = Debug|Any CPU
		{1765753A-7021-4A3E-9C57-53F5419A5BD8}.Debug|Any CPU.Build.0 = Debug|Any CPU
		{1765753A-7021-4A3E-9C57-53F5419A5BD8}.Release|Any CPU.ActiveCfg = Release|Any CPU
		{1765753A-7021-4A3E-9C57-53F5419A5BD8}.Release|Any CPU.Build.0 = Release|Any CPU
		{D4563DD9-718C-4C01-947E-B7A0E6B4EA4B}.Debug|Any CPU.ActiveCfg = Debug|Any CPU
		{D4563DD9-718C-4C01-947E-B7A0E6B4EA4B}.Debug|Any CPU.Build.0 = Debug|Any CPU
		{D4563DD9-718C-4C01-947E-B7A0E6B4EA4B}.Release|Any CPU.ActiveCfg = Release|Any CPU
		{D4563DD9-718C-4C01-947E-B7A0E6B4EA4B}.Release|Any CPU.Build.0 = Release|Any CPU
	EndGlobalSection
	GlobalSection(SolutionProperties) = preSolution
		HideSolutionNode = FALSE
	EndGlobalSection
	GlobalSection(ExtensibilityGlobals) = postSolution
		SolutionGuid = {4FBF7D18-1B4E-445C-A9BF-4FC70EB45486}
	EndGlobalSection
EndGlobal
